
Microsoft Visual Studio Solution File, Format Version 12.00
# Visual Studio Version 16
VisualStudioVersion = 16.0.30114.105
MinimumVisualStudioVersion = 10.0.40219.1
Project("{9A19103F-16F7-4668-BE54-9A1E7A4F7556}") = "SportStore", "SportStore\SportStore.csproj", "{8A363F04-D809-4CBA-A28C-A38007133724}"
EndProject
Project("{9A19103F-16F7-4668-BE54-9A1E7A4F7556}") = "SportStore.Tests", "SportStore.Tests\SportStore.Tests.csproj", "{80C8CAEB-9D37-4D38-9706-331C71A90E69}"
EndProject
Global
	GlobalSection(SolutionConfigurationPlatforms) = preSolution
		Debug|Any CPU = Debug|Any CPU
		Debug|x64 = Debug|x64
		Debug|x86 = Debug|x86
		Release|Any CPU = Release|Any CPU
		Release|x64 = Release|x64
		Release|x86 = Release|x86
	EndGlobalSection
	GlobalSection(ProjectConfigurationPlatforms) = postSolution
		{8A363F04-D809-4CBA-A28C-A38007133724}.Debug|Any CPU.ActiveCfg = Debug|Any CPU
		{8A363F04-D809-4CBA-A28C-A38007133724}.Debug|Any CPU.Build.0 = Debug|Any CPU
		{8A363F04-D809-4CBA-A28C-A38007133724}.Debug|x64.ActiveCfg = Debug|Any CPU
		{8A363F04-D809-4CBA-A28C-A38007133724}.Debug|x64.Build.0 = Debug|Any CPU
		{8A363F04-D809-4CBA-A28C-A38007133724}.Debug|x86.ActiveCfg = Debug|Any CPU
		{8A363F04-D809-4CBA-A28C-A38007133724}.Debug|x86.Build.0 = Debug|Any CPU
		{8A363F04-D809-4CBA-A28C-A38007133724}.Release|Any CPU.ActiveCfg = Release|Any CPU
		{8A363F04-D809-4CBA-A28C-A38007133724}.Release|Any CPU.Build.0 = Release|Any CPU
		{8A363F04-D809-4CBA-A28C-A38007133724}.Release|x64.ActiveCfg = Release|Any CPU
		{8A363F04-D809-4CBA-A28C-A38007133724}.Release|x64.Build.0 = Release|Any CPU
		{8A363F04-D809-4CBA-A28C-A38007133724}.Release|x86.ActiveCfg = Release|Any CPU
		{8A363F04-D809-4CBA-A28C-A38007133724}.Release|x86.Build.0 = Release|Any CPU
		{80C8CAEB-9D37-4D38-9706-331C71A90E69}.Debug|Any CPU.ActiveCfg = Debug|Any CPU
		{80C8CAEB-9D37-4D38-9706-331C71A90E69}.Debug|Any CPU.Build.0 = Debug|Any CPU
		{80C8CAEB-9D37-4D38-9706-331C71A90E69}.Debug|x64.ActiveCfg = Debug|Any CPU
		{80C8CAEB-9D37-4D38-9706-331C71A90E69}.Debug|x64.Build.0 = Debug|Any CPU
		{80C8CAEB-9D37-4D38-9706-331C71A90E69}.Debug|x86.ActiveCfg = Debug|Any CPU
		{80C8CAEB-9D37-4D38-9706-331C71A90E69}.Debug|x86.Build.0 = Debug|Any CPU
		{80C8CAEB-9D37-4D38-9706-331C71A90E69}.Release|Any CPU.ActiveCfg = Release|Any CPU
		{80C8CAEB-9D37-4D38-9706-331C71A90E69}.Release|Any CPU.Build.0 = Release|Any CPU
		{80C8CAEB-9D37-4D38-9706-331C71A90E69}.Release|x64.ActiveCfg = Release|Any CPU
		{80C8CAEB-9D37-4D38-9706-331C71A90E69}.Release|x64.Build.0 = Release|Any CPU
		{80C8CAEB-9D37-4D38-9706-331C71A90E69}.Release|x86.ActiveCfg = Release|Any CPU
		{80C8CAEB-9D37-4D38-9706-331C71A90E69}.Release|x86.Build.0 = Release|Any CPU
	EndGlobalSection
	GlobalSection(SolutionProperties) = preSolution
		HideSolutionNode = FALSE
	EndGlobalSection
	GlobalSection(ExtensibilityGlobals) = postSolution
		SolutionGuid = {C7315479-2A23-422D-A465-04EA9C110DF9}
	EndGlobalSection
EndGlobal
